
Microsoft Visual Studio Solution File, Format Version 12.00
Project("{FAE04EC0-301F-11D3-BF4B-00C04F79EFBC}") = "Exercises", "Exercises\Exercises.csproj", "{A2C630F4-FDB0-4EF6-9DC5-E2C3713CAA64}"
EndProject]
Project("{FAE04EC0-301F-11D3-BF4B-00C04F79EFBC}") = "ExerciseTests", "ExerciseTests\ExerciseTests.csproj", "{96394BCE-4D9C-4D37-A7CE-4FDBB9414E8B}"
EndProject
Global
	GlobalSection(SolutionConfigurationPlatforms) = preSolution
		Debug|Any CPU = Debug|Any CPU
		Release|Any CPU = Release|Any CPU
	EndGlobalSection
	GlobalSection(ProjectConfigurationPlatforms) = postSolution
		{A2C630F4-FDB0-4EF6-9DC5-E2C3713CAA64}.Debug|Any CPU.ActiveCfg = Debug|Any CPU
		{A2C630F4-FDB0-4EF6-9DC5-E2C3713CAA64}.Debug|Any CPU.Build.0 = Debug|Any CPU
		{A2C630F4-FDB0-4EF6-9DC5-E2C3713CAA64}.Release|Any CPU.ActiveCfg = Release|Any CPU
		{A2C630F4-FDB0-4EF6-9DC5-E2C3713CAA64}.Release|Any CPU.Build.0 = Release|Any CPU
		{4445F4C3-E537-4A83-9224-5759C63D3C2A}.Debug|Any CPU.ActiveCfg = Debug|Any CPU
		{4445F4C3-E537-4A83-9224-5759C63D3C2A}.Debug|Any CPU.Build.0 = Debug|Any CPU
		{4445F4C3-E537-4A83-9224-5759C63D3C2A}.Release|Any CPU.ActiveCfg = Release|Any CPU
		{4445F4C3-E537-4A83-9224-5759C63D3C2A}.Release|Any CPU.Build.0 = Release|Any CPU
		{96394BCE-4D9C-4D37-A7CE-4FDBB9414E8B}.Debug|Any CPU.ActiveCfg = Debug|Any CPU
		{96394BCE-4D9C-4D37-A7CE-4FDBB9414E8B}.Debug|Any CPU.Build.0 = Debug|Any CPU
		{96394BCE-4D9C-4D37-A7CE-4FDBB9414E8B}.Release|Any CPU.ActiveCfg = Release|Any CPU
		{96394BCE-4D9C-4D37-A7CE-4FDBB9414E8B}.Release|Any CPU.Build.0 = Release|Any CPU
	EndGlobalSection
EndGlobal
